{
	"name": "ws-tracker-server",
	"version": "0.0.0",
	"lockfileVersion": 3,
	"requires": true,
	"packages": {
		"": {
			"name": "ws-tracker-server",
			"version": "0.0.0",
			"dependencies": {
				"@types/ws": "^8.18.1",
				"bittorrent-tracker": "^11.2.2"
			},
			"devDependencies": {
				"@types/node": "^25.3.2",
				"typescript": "^5.5.2",
				"wrangler": "^4.69.0"
			}
		},
		"node_modules/@cloudflare/kv-asset-handler": {
			"version": "0.4.2",
			"dev": true,
			"license": "MIT OR Apache-2.0",
			"engines": {
				"node": ">=18.0.0"
			}
		},
		"node_modules/@cloudflare/unenv-preset": {
			"version": "2.14.0",
			"dev": true,
			"license": "MIT OR Apache-2.0",
			"peerDependencies": {
				"unenv": "2.0.0-rc.24",
				"workerd": "^1.20260218.0"
			},
			"peerDependenciesMeta": {
				"workerd": {
					"optional": true
				}
			}
		},
		"node_modules/@cloudflare/workerd-darwin-arm64": {
			"version": "1.20260305.0",
			"cpu": [
				"arm64"
			],
			"dev": true,
			"license": "Apache-2.0",
			"optional": true,
			"os": [
				"darwin"
			],
			"engines": {
				"node": ">=16"
			}
		},
		"node_modules/@cspotcode/source-map-support": {
			"version": "0.8.1",
			"dev": true,
			"license": "MIT",
			"dependencies": {
				"@jridgewell/trace-mapping": "0.3.9"
			},
			"engines": {
				"node": ">=12"
			}
		},
		"node_modules/@esbuild/darwin-arm64": {
			"version": "0.27.3",
			"cpu": [
				"arm64"
			],
			"dev": true,
			"license": "MIT",
			"optional": true,
			"os": [
				"darwin"
			],
			"engines": {
				"node": ">=18"
			}
		},
		"node_modules/@img/colour": {
			"version": "1.0.0",
			"dev": true,
			"license": "MIT",
			"engines": {
				"node": ">=18"
			}
		},
		"node_modules/@img/sharp-darwin-arm64": {
			"version": "0.34.5",
			"cpu": [
				"arm64"
			],
			"dev": true,
			"license": "Apache-2.0",
			"optional": true,
			"os": [
				"darwin"
			],
			"engines": {
				"node": "^18.17.0 || ^20.3.0 || >=21.0.0"
			},
			"funding": {
				"url": "https://opencollective.com/libvips"
			},
			"optionalDependencies": {
				"@img/sharp-libvips-darwin-arm64": "1.2.4"
			}
		},
		"node_modules/@img/sharp-libvips-darwin-arm64": {
			"version": "1.2.4",
			"cpu": [
				"arm64"
			],
			"dev": true,
			"license": "LGPL-3.0-or-later",
			"optional": true,
			"os": [
				"darwin"
			],
			"funding": {
				"url": "https://opencollective.com/libvips"
			}
		},
		"node_modules/@jridgewell/resolve-uri": {
			"version": "3.1.2",
			"dev": true,
			"license": "MIT",
			"engines": {
				"node": ">=6.0.0"
			}
		},
		"node_modules/@jridgewell/sourcemap-codec": {
			"version": "1.5.5",
			"dev": true,
			"license": "MIT"
		},
		"node_modules/@jridgewell/trace-mapping": {
			"version": "0.3.9",
			"dev": true,
			"license": "MIT",
			"dependencies": {
				"@jridgewell/resolve-uri": "^3.0.3",
				"@jridgewell/sourcemap-codec": "^1.4.10"
			}
		},
		"node_modules/@poppinss/colors": {
			"version": "4.1.6",
			"dev": true,
			"license": "MIT",
			"dependencies": {
				"kleur": "^4.1.5"
			}
		},
		"node_modules/@poppinss/dumper": {
			"version": "0.6.5",
			"dev": true,
			"license": "MIT",
			"dependencies": {
				"@poppinss/colors": "^4.1.5",
				"@sindresorhus/is": "^7.0.2",
				"supports-color": "^10.0.0"
			}
		},
		"node_modules/@poppinss/exception": {
			"version": "1.2.3",
			"dev": true,
			"license": "MIT"
		},
		"node_modules/@sindresorhus/is": {
			"version": "7.2.0",
			"dev": true,
			"license": "MIT",
			"engines": {
				"node": ">=18"
			},
			"funding": {
				"url": "https://github.com/sindresorhus/is?sponsor=1"
			}
		},
		"node_modules/@speed-highlight/core": {
			"version": "1.2.14",
			"dev": true,
			"license": "CC0-1.0"
		},
		"node_modules/@thaunknown/simple-peer": {
			"version": "10.1.0",
			"license": "MIT",
			"dependencies": {
				"debug": "^4.4.3",
				"err-code": "^3.0.1",
				"streamx": "^2.23.0",
				"uint8-util": "^2.2.6",
				"webrtc-polyfill": "^1.2.0"
			}
		},
		"node_modules/@thaunknown/simple-websocket": {
			"version": "9.1.3",
			"license": "MIT",
			"dependencies": {
				"debug": "^4.3.5",
				"queue-microtask": "^1.2.3",
				"streamx": "^2.17.0",
				"uint8-util": "^2.2.5",
				"ws": "^8.17.1"
			}
		},
		"node_modules/@types/node": {
			"version": "25.3.2",
			"license": "MIT",
			"dependencies": {
				"undici-types": "~7.18.0"
			}
		},
		"node_modules/@types/ws": {
			"version": "8.18.1",
			"resolved": "https://registry.npmjs.org/@types/ws/-/ws-8.18.1.tgz",
			"integrity": "sha512-ThVF6DCVhA8kUGy+aazFQ4kXQ7E1Ty7A3ypFOe0IcJV8O/M511G99AW24irKrW56Wt44yG9+ij8FaqoBGkuBXg==",
			"license": "MIT",
			"dependencies": {
				"@types/node": "*"
			}
		},
		"node_modules/abort-controller": {
			"version": "3.0.0",
			"license": "MIT",
			"dependencies": {
				"event-target-shim": "^5.0.0"
			},
			"engines": {
				"node": ">=6.5"
			}
		},
		"node_modules/addr-to-ip-port": {
			"version": "2.0.0",
			"license": "MIT",
			"engines": {
				"node": ">=12.20.0"
			}
		},
		"node_modules/b4a": {
			"version": "1.8.0",
			"license": "Apache-2.0",
			"peerDependencies": {
				"react-native-b4a": "*"
			},
			"peerDependenciesMeta": {
				"react-native-b4a": {
					"optional": true
				}
			}
		},
		"node_modules/bare-events": {
			"version": "2.8.2",
			"license": "Apache-2.0",
			"peerDependencies": {
				"bare-abort-controller": "*"
			},
			"peerDependenciesMeta": {
				"bare-abort-controller": {
					"optional": true
				}
			}
		},
		"node_modules/base64-arraybuffer": {
			"version": "1.0.2",
			"license": "MIT",
			"engines": {
				"node": ">= 0.6.0"
			}
		},
		"node_modules/base64-js": {
			"version": "1.5.1",
			"funding": [
				{
					"type": "github",
					"url": "https://github.com/sponsors/feross"
				},
				{
					"type": "patreon",
					"url": "https://www.patreon.com/feross"
				},
				{
					"type": "consulting",
					"url": "https://feross.org/support"
				}
			],
			"license": "MIT"
		},
		"node_modules/bencode": {
			"version": "4.0.0",
			"license": "MIT",
			"dependencies": {
				"uint8-util": "^2.2.2"
			},
			"engines": {
				"node": ">=12.20.0"
			}
		},
		"node_modules/bittorrent-peerid": {
			"version": "1.3.6",
			"funding": [
				{
					"type": "github",
					"url": "https://github.com/sponsors/feross"
				},
				{
					"type": "patreon",
					"url": "https://www.patreon.com/feross"
				},
				{
					"type": "consulting",
					"url": "https://feross.org/support"
				}
			],
			"license": "MIT"
		},
		"node_modules/bittorrent-tracker": {
			"version": "11.2.2",
			"funding": [
				{
					"type": "github",
					"url": "https://github.com/sponsors/feross"
				},
				{
					"type": "patreon",
					"url": "https://www.patreon.com/feross"
				},
				{
					"type": "consulting",
					"url": "https://feross.org/support"
				}
			],
			"license": "MIT",
			"dependencies": {
				"@thaunknown/simple-peer": "^10.0.8",
				"@thaunknown/simple-websocket": "^9.1.3",
				"bencode": "^4.0.0",
				"bittorrent-peerid": "^1.3.6",
				"chrome-dgram": "^3.0.6",
				"compact2string": "^1.4.1",
				"cross-fetch-ponyfill": "^1.0.3",
				"debug": "^4.3.4",
				"ip": "^2.0.1",
				"lru": "^3.1.0",
				"minimist": "^1.2.8",
				"once": "^1.4.0",
				"queue-microtask": "^1.2.3",
				"random-iterate": "^1.0.1",
				"run-parallel": "^1.2.0",
				"run-series": "^1.1.9",
				"socks": "^2.8.3",
				"string2compact": "^2.0.1",
				"uint8-util": "^2.2.5",
				"unordered-array-remove": "^1.0.2",
				"ws": "^8.17.0"
			},
			"bin": {
				"bittorrent-tracker": "bin/cmd.js"
			},
			"engines": {
				"node": ">=16.0.0"
			},
			"optionalDependencies": {
				"bufferutil": "^4.0.8",
				"utf-8-validate": "^6.0.4"
			}
		},
		"node_modules/bl": {
			"version": "4.1.0",
			"license": "MIT",
			"dependencies": {
				"buffer": "^5.5.0",
				"inherits": "^2.0.4",
				"readable-stream": "^3.4.0"
			}
		},
		"node_modules/blake3-wasm": {
			"version": "2.1.5",
			"dev": true,
			"license": "MIT"
		},
		"node_modules/buffer": {
			"version": "5.7.1",
			"funding": [
				{
					"type": "github",
					"url": "https://github.com/sponsors/feross"
				},
				{
					"type": "patreon",
					"url": "https://www.patreon.com/feross"
				},
				{
					"type": "consulting",
					"url": "https://feross.org/support"
				}
			],
			"license": "MIT",
			"dependencies": {
				"base64-js": "^1.3.1",
				"ieee754": "^1.1.13"
			}
		},
		"node_modules/bufferutil": {
			"version": "4.1.0",
			"hasInstallScript": true,
			"license": "MIT",
			"optional": true,
			"dependencies": {
				"node-gyp-build": "^4.3.0"
			},
			"engines": {
				"node": ">=6.14.2"
			}
		},
		"node_modules/chrome-dgram": {
			"version": "3.0.6",
			"funding": [
				{
					"type": "github",
					"url": "https://github.com/sponsors/feross"
				},
				{
					"type": "patreon",
					"url": "https://www.patreon.com/feross"
				},
				{
					"type": "consulting",
					"url": "https://feross.org/support"
				}
			],
			"license": "MIT",
			"dependencies": {
				"inherits": "^2.0.4",
				"run-series": "^1.1.9"
			}
		},
		"node_modules/compact2string": {
			"version": "1.4.1",
			"license": "BSD",
			"dependencies": {
				"ipaddr.js": ">= 0.1.5"
			}
		},
		"node_modules/cookie": {
			"version": "1.1.1",
			"dev": true,
			"license": "MIT",
			"engines": {
				"node": ">=18"
			},
			"funding": {
				"type": "opencollective",
				"url": "https://opencollective.com/express"
			}
		},
		"node_modules/cross-fetch-ponyfill": {
			"version": "1.0.3",
			"license": "MIT",
			"dependencies": {
				"abort-controller": "^3.0.0",
				"node-fetch": "^3.3.0"
			}
		},
		"node_modules/data-uri-to-buffer": {
			"version": "4.0.1",
			"license": "MIT",
			"engines": {
				"node": ">= 12"
			}
		},
		"node_modules/debug": {
			"version": "4.4.3",
			"license": "MIT",
			"dependencies": {
				"ms": "^2.1.3"
			},
			"engines": {
				"node": ">=6.0"
			},
			"peerDependenciesMeta": {
				"supports-color": {
					"optional": true
				}
			}
		},
		"node_modules/decompress-response": {
			"version": "6.0.0",
			"license": "MIT",
			"dependencies": {
				"mimic-response": "^3.1.0"
			},
			"engines": {
				"node": ">=10"
			},
			"funding": {
				"url": "https://github.com/sponsors/sindresorhus"
			}
		},
		"node_modules/deep-extend": {
			"version": "0.6.0",
			"license": "MIT",
			"engines": {
				"node": ">=4.0.0"
			}
		},
		"node_modules/detect-libc": {
			"version": "2.1.2",
			"license": "Apache-2.0",
			"engines": {
				"node": ">=8"
			}
		},
		"node_modules/end-of-stream": {
			"version": "1.4.5",
			"license": "MIT",
			"dependencies": {
				"once": "^1.4.0"
			}
		},
		"node_modules/err-code": {
			"version": "3.0.1",
			"license": "MIT"
		},
		"node_modules/error-stack-parser-es": {
			"version": "1.0.5",
			"dev": true,
			"license": "MIT",
			"funding": {
				"url": "https://github.com/sponsors/antfu"
			}
		},
		"node_modules/esbuild": {
			"version": "0.27.3",
			"dev": true,
			"hasInstallScript": true,
			"license": "MIT",
			"bin": {
				"esbuild": "bin/esbuild"
			},
			"engines": {
				"node": ">=18"
			},
			"optionalDependencies": {
				"@esbuild/aix-ppc64": "0.27.3",
				"@esbuild/android-arm": "0.27.3",
				"@esbuild/android-arm64": "0.27.3",
				"@esbuild/android-x64": "0.27.3",
				"@esbuild/darwin-arm64": "0.27.3",
				"@esbuild/darwin-x64": "0.27.3",
				"@esbuild/freebsd-arm64": "0.27.3",
				"@esbuild/freebsd-x64": "0.27.3",
				"@esbuild/linux-arm": "0.27.3",
				"@esbuild/linux-arm64": "0.27.3",
				"@esbuild/linux-ia32": "0.27.3",
				"@esbuild/linux-loong64": "0.27.3",
				"@esbuild/linux-mips64el": "0.27.3",
				"@esbuild/linux-ppc64": "0.27.3",
				"@esbuild/linux-riscv64": "0.27.3",
				"@esbuild/linux-s390x": "0.27.3",
				"@esbuild/linux-x64": "0.27.3",
				"@esbuild/netbsd-arm64": "0.27.3",
				"@esbuild/netbsd-x64": "0.27.3",
				"@esbuild/openbsd-arm64": "0.27.3",
				"@esbuild/openbsd-x64": "0.27.3",
				"@esbuild/openharmony-arm64": "0.27.3",
				"@esbuild/sunos-x64": "0.27.3",
				"@esbuild/win32-arm64": "0.27.3",
				"@esbuild/win32-ia32": "0.27.3",
				"@esbuild/win32-x64": "0.27.3"
			}
		},
		"node_modules/event-target-shim": {
			"version": "5.0.1",
			"license": "MIT",
			"engines": {
				"node": ">=6"
			}
		},
		"node_modules/events-universal": {
			"version": "1.0.1",
			"license": "Apache-2.0",
			"dependencies": {
				"bare-events": "^2.7.0"
			}
		},
		"node_modules/expand-template": {
			"version": "2.0.3",
			"license": "(MIT OR WTFPL)",
			"engines": {
				"node": ">=6"
			}
		},
		"node_modules/fast-fifo": {
			"version": "1.3.2",
			"license": "MIT"
		},
		"node_modules/fetch-blob": {
			"version": "3.2.0",
			"funding": [
				{
					"type": "github",
					"url": "https://github.com/sponsors/jimmywarting"
				},
				{
					"type": "paypal",
					"url": "https://paypal.me/jimmywarting"
				}
			],
			"license": "MIT",
			"dependencies": {
				"node-domexception": "^1.0.0",
				"web-streams-polyfill": "^3.0.3"
			},
			"engines": {
				"node": "^12.20 || >= 14.13"
			}
		},
		"node_modules/formdata-polyfill": {
			"version": "4.0.10",
			"license": "MIT",
			"dependencies": {
				"fetch-blob": "^3.1.2"
			},
			"engines": {
				"node": ">=12.20.0"
			}
		},
		"node_modules/fs-constants": {
			"version": "1.0.0",
			"license": "MIT"
		},
		"node_modules/fsevents": {
			"version": "2.3.3",
			"dev": true,
			"license": "MIT",
			"optional": true,
			"os": [
				"darwin"
			],
			"engines": {
				"node": "^8.16.0 || ^10.6.0 || >=11.0.0"
			}
		},
		"node_modules/github-from-package": {
			"version": "0.0.0",
			"license": "MIT"
		},
		"node_modules/ieee754": {
			"version": "1.2.1",
			"funding": [
				{
					"type": "github",
					"url": "https://github.com/sponsors/feross"
				},
				{
					"type": "patreon",
					"url": "https://www.patreon.com/feross"
				},
				{
					"type": "consulting",
					"url": "https://feross.org/support"
				}
			],
			"license": "BSD-3-Clause"
		},
		"node_modules/inherits": {
			"version": "2.0.4",
			"license": "ISC"
		},
		"node_modules/ini": {
			"version": "1.3.8",
			"license": "ISC"
		},
		"node_modules/ip": {
			"version": "2.0.1",
			"license": "MIT"
		},
		"node_modules/ip-address": {
			"version": "10.1.0",
			"license": "MIT",
			"engines": {
				"node": ">= 12"
			}
		},
		"node_modules/ipaddr.js": {
			"version": "2.3.0",
			"license": "MIT",
			"engines": {
				"node": ">= 10"
			}
		},
		"node_modules/kleur": {
			"version": "4.1.5",
			"dev": true,
			"license": "MIT",
			"engines": {
				"node": ">=6"
			}
		},
		"node_modules/lru": {
			"version": "3.1.0",
			"license": "MIT",
			"dependencies": {
				"inherits": "^2.0.1"
			},
			"engines": {
				"node": ">= 0.4.0"
			}
		},
		"node_modules/mimic-response": {
			"version": "3.1.0",
			"license": "MIT",
			"engines": {
				"node": ">=10"
			},
			"funding": {
				"url": "https://github.com/sponsors/sindresorhus"
			}
		},
		"node_modules/miniflare": {
			"version": "4.20260305.0",
			"dev": true,
			"license": "MIT",
			"dependencies": {
				"@cspotcode/source-map-support": "0.8.1",
				"sharp": "^0.34.5",
				"undici": "7.18.2",
				"workerd": "1.20260305.0",
				"ws": "8.18.0",
				"youch": "4.1.0-beta.10"
			},
			"bin": {
				"miniflare": "bootstrap.js"
			},
			"engines": {
				"node": ">=18.0.0"
			}
		},
		"node_modules/miniflare/node_modules/ws": {
			"version": "8.18.0",
			"dev": true,
			"license": "MIT",
			"engines": {
				"node": ">=10.0.0"
			},
			"peerDependencies": {
				"bufferutil": "^4.0.1",
				"utf-8-validate": ">=5.0.2"
			},
			"peerDependenciesMeta": {
				"bufferutil": {
					"optional": true
				},
				"utf-8-validate": {
					"optional": true
				}
			}
		},
		"node_modules/minimist": {
			"version": "1.2.8",
			"license": "MIT",
			"funding": {
				"url": "https://github.com/sponsors/ljharb"
			}
		},
		"node_modules/mkdirp-classic": {
			"version": "0.5.3",
			"license": "MIT"
		},
		"node_modules/ms": {
			"version": "2.1.3",
			"license": "MIT"
		},
		"node_modules/napi-build-utils": {
			"version": "2.0.0",
			"license": "MIT"
		},
		"node_modules/node-abi": {
			"version": "3.87.0",
			"license": "MIT",
			"dependencies": {
				"semver": "^7.3.5"
			},
			"engines": {
				"node": ">=10"
			}
		},
		"node_modules/node-datachannel": {
			"version": "0.32.1",
			"hasInstallScript": true,
			"license": "MPL 2.0",
			"dependencies": {
				"prebuild-install": "^7.1.3"
			},
			"engines": {
				"node": ">=18.20.0"
			}
		},
		"node_modules/node-domexception": {
			"version": "1.0.0",
			"funding": [
				{
					"type": "github",
					"url": "https://github.com/sponsors/jimmywarting"
				},
				{
					"type": "github",
					"url": "https://paypal.me/jimmywarting"
				}
			],
			"license": "MIT",
			"engines": {
				"node": ">=10.5.0"
			}
		},
		"node_modules/node-fetch": {
			"version": "3.3.2",
			"license": "MIT",
			"dependencies": {
				"data-uri-to-buffer": "^4.0.0",
				"fetch-blob": "^3.1.4",
				"formdata-polyfill": "^4.0.10"
			},
			"engines": {
				"node": "^12.20.0 || ^14.13.1 || >=16.0.0"
			},
			"funding": {
				"type": "opencollective",
				"url": "https://opencollective.com/node-fetch"
			}
		},
		"node_modules/node-gyp-build": {
			"version": "4.8.4",
			"license": "MIT",
			"optional": true,
			"bin": {
				"node-gyp-build": "bin.js",
				"node-gyp-build-optional": "optional.js",
				"node-gyp-build-test": "build-test.js"
			}
		},
		"node_modules/once": {
			"version": "1.4.0",
			"license": "ISC",
			"dependencies": {
				"wrappy": "1"
			}
		},
		"node_modules/path-to-regexp": {
			"version": "6.3.0",
			"dev": true,
			"license": "MIT"
		},
		"node_modules/pathe": {
			"version": "2.0.3",
			"dev": true,
			"license": "MIT"
		},
		"node_modules/prebuild-install": {
			"version": "7.1.3",
			"license": "MIT",
			"dependencies": {
				"detect-libc": "^2.0.0",
				"expand-template": "^2.0.3",
				"github-from-package": "0.0.0",
				"minimist": "^1.2.3",
				"mkdirp-classic": "^0.5.3",
				"napi-build-utils": "^2.0.0",
				"node-abi": "^3.3.0",
				"pump": "^3.0.0",
				"rc": "^1.2.7",
				"simple-get": "^4.0.0",
				"tar-fs": "^2.0.0",
				"tunnel-agent": "^0.6.0"
			},
			"bin": {
				"prebuild-install": "bin.js"
			},
			"engines": {
				"node": ">=10"
			}
		},
		"node_modules/pump": {
			"version": "3.0.3",
			"license": "MIT",
			"dependencies": {
				"end-of-stream": "^1.1.0",
				"once": "^1.3.1"
			}
		},
		"node_modules/queue-microtask": {
			"version": "1.2.3",
			"funding": [
				{
					"type": "github",
					"url": "https://github.com/sponsors/feross"
				},
				{
					"type": "patreon",
					"url": "https://www.patreon.com/feross"
				},
				{
					"type": "consulting",
					"url": "https://feross.org/support"
				}
			],
			"license": "MIT"
		},
		"node_modules/random-iterate": {
			"version": "1.0.1",
			"license": "MIT"
		},
		"node_modules/rc": {
			"version": "1.2.8",
			"license": "(BSD-2-Clause OR MIT OR Apache-2.0)",
			"dependencies": {
				"deep-extend": "^0.6.0",
				"ini": "~1.3.0",
				"minimist": "^1.2.0",
				"strip-json-comments": "~2.0.1"
			},
			"bin": {
				"rc": "cli.js"
			}
		},
		"node_modules/readable-stream": {
			"version": "3.6.2",
			"license": "MIT",
			"dependencies": {
				"inherits": "^2.0.3",
				"string_decoder": "^1.1.1",
				"util-deprecate": "^1.0.1"
			},
			"engines": {
				"node": ">= 6"
			}
		},
		"node_modules/run-parallel": {
			"version": "1.2.0",
			"funding": [
				{
					"type": "github",
					"url": "https://github.com/sponsors/feross"
				},
				{
					"type": "patreon",
					"url": "https://www.patreon.com/feross"
				},
				{
					"type": "consulting",
					"url": "https://feross.org/support"
				}
			],
			"license": "MIT",
			"dependencies": {
				"queue-microtask": "^1.2.2"
			}
		},
		"node_modules/run-series": {
			"version": "1.1.9",
			"funding": [
				{
					"type": "github",
					"url": "https://github.com/sponsors/feross"
				},
				{
					"type": "patreon",
					"url": "https://www.patreon.com/feross"
				},
				{
					"type": "consulting",
					"url": "https://feross.org/support"
				}
			],
			"license": "MIT"
		},
		"node_modules/safe-buffer": {
			"version": "5.2.1",
			"funding": [
				{
					"type": "github",
					"url": "https://github.com/sponsors/feross"
				},
				{
					"type": "patreon",
					"url": "https://www.patreon.com/feross"
				},
				{
					"type": "consulting",
					"url": "https://feross.org/support"
				}
			],
			"license": "MIT"
		},
		"node_modules/semver": {
			"version": "7.7.4",
			"license": "ISC",
			"bin": {
				"semver": "bin/semver.js"
			},
			"engines": {
				"node": ">=10"
			}
		},
		"node_modules/sharp": {
			"version": "0.34.5",
			"dev": true,
			"hasInstallScript": true,
			"license": "Apache-2.0",
			"dependencies": {
				"@img/colour": "^1.0.0",
				"detect-libc": "^2.1.2",
				"semver": "^7.7.3"
			},
			"engines": {
				"node": "^18.17.0 || ^20.3.0 || >=21.0.0"
			},
			"funding": {
				"url": "https://opencollective.com/libvips"
			},
			"optionalDependencies": {
				"@img/sharp-darwin-arm64": "0.34.5",
				"@img/sharp-darwin-x64": "0.34.5",
				"@img/sharp-libvips-darwin-arm64": "1.2.4",
				"@img/sharp-libvips-darwin-x64": "1.2.4",
				"@img/sharp-libvips-linux-arm": "1.2.4",
				"@img/sharp-libvips-linux-arm64": "1.2.4",
				"@img/sharp-libvips-linux-ppc64": "1.2.4",
				"@img/sharp-libvips-linux-riscv64": "1.2.4",
				"@img/sharp-libvips-linux-s390x": "1.2.4",
				"@img/sharp-libvips-linux-x64": "1.2.4",
				"@img/sharp-libvips-linuxmusl-arm64": "1.2.4",
				"@img/sharp-libvips-linuxmusl-x64": "1.2.4",
				"@img/sharp-linux-arm": "0.34.5",
				"@img/sharp-linux-arm64": "0.34.5",
				"@img/sharp-linux-ppc64": "0.34.5",
				"@img/sharp-linux-riscv64": "0.34.5",
				"@img/sharp-linux-s390x": "0.34.5",
				"@img/sharp-linux-x64": "0.34.5",
				"@img/sharp-linuxmusl-arm64": "0.34.5",
				"@img/sharp-linuxmusl-x64": "0.34.5",
				"@img/sharp-wasm32": "0.34.5",
				"@img/sharp-win32-arm64": "0.34.5",
				"@img/sharp-win32-ia32": "0.34.5",
				"@img/sharp-win32-x64": "0.34.5"
			}
		},
		"node_modules/simple-concat": {
			"version": "1.0.1",
			"funding": [
				{
					"type": "github",
					"url": "https://github.com/sponsors/feross"
				},
				{
					"type": "patreon",
					"url": "https://www.patreon.com/feross"
				},
				{
					"type": "consulting",
					"url": "https://feross.org/support"
				}
			],
			"license": "MIT"
		},
		"node_modules/simple-get": {
			"version": "4.0.1",
			"funding": [
				{
					"type": "github",
					"url": "https://github.com/sponsors/feross"
				},
				{
					"type": "patreon",
					"url": "https://www.patreon.com/feross"
				},
				{
					"type": "consulting",
					"url": "https://feross.org/support"
				}
			],
			"license": "MIT",
			"dependencies": {
				"decompress-response": "^6.0.0",
				"once": "^1.3.1",
				"simple-concat": "^1.0.0"
			}
		},
		"node_modules/smart-buffer": {
			"version": "4.2.0",
			"license": "MIT",
			"engines": {
				"node": ">= 6.0.0",
				"npm": ">= 3.0.0"
			}
		},
		"node_modules/socks": {
			"version": "2.8.7",
			"license": "MIT",
			"dependencies": {
				"ip-address": "^10.0.1",
				"smart-buffer": "^4.2.0"
			},
			"engines": {
				"node": ">= 10.0.0",
				"npm": ">= 3.0.0"
			}
		},
		"node_modules/streamx": {
			"version": "2.23.0",
			"license": "MIT",
			"dependencies": {
				"events-universal": "^1.0.0",
				"fast-fifo": "^1.3.2",
				"text-decoder": "^1.1.0"
			}
		},
		"node_modules/string_decoder": {
			"version": "1.3.0",
			"license": "MIT",
			"dependencies": {
				"safe-buffer": "~5.2.0"
			}
		},
		"node_modules/string2compact": {
			"version": "2.0.1",
			"license": "MIT",
			"dependencies": {
				"addr-to-ip-port": "^2.0.0",
				"ipaddr.js": "^2.0.0"
			},
			"engines": {
				"node": ">=12.20.0"
			}
		},
		"node_modules/strip-json-comments": {
			"version": "2.0.1",
			"license": "MIT",
			"engines": {
				"node": ">=0.10.0"
			}
		},
		"node_modules/supports-color": {
			"version": "10.2.2",
			"dev": true,
			"license": "MIT",
			"engines": {
				"node": ">=18"
			},
			"funding": {
				"url": "https://github.com/chalk/supports-color?sponsor=1"
			}
		},
		"node_modules/tar-fs": {
			"version": "2.1.4",
			"license": "MIT",
			"dependencies": {
				"chownr": "^1.1.1",
				"mkdirp-classic": "^0.5.2",
				"pump": "^3.0.0",
				"tar-stream": "^2.1.4"
			}
		},
		"node_modules/tar-fs/node_modules/chownr": {
			"version": "1.1.4",
			"license": "ISC"
		},
		"node_modules/tar-stream": {
			"version": "2.2.0",
			"license": "MIT",
			"dependencies": {
				"bl": "^4.0.3",
				"end-of-stream": "^1.4.1",
				"fs-constants": "^1.0.0",
				"inherits": "^2.0.3",
				"readable-stream": "^3.1.1"
			},
			"engines": {
				"node": ">=6"
			}
		},
		"node_modules/text-decoder": {
			"version": "1.2.7",
			"license": "Apache-2.0",
			"dependencies": {
				"b4a": "^1.6.4"
			}
		},
		"node_modules/tunnel-agent": {
			"version": "0.6.0",
			"license": "Apache-2.0",
			"dependencies": {
				"safe-buffer": "^5.0.1"
			},
			"engines": {
				"node": "*"
			}
		},
		"node_modules/typescript": {
			"version": "5.9.3",
			"dev": true,
			"license": "Apache-2.0",
			"bin": {
				"tsc": "bin/tsc",
				"tsserver": "bin/tsserver"
			},
			"engines": {
				"node": ">=14.17"
			}
		},
		"node_modules/uint8-util": {
			"version": "2.2.6",
			"license": "MIT",
			"dependencies": {
				"base64-arraybuffer": "^1.0.2"
			}
		},
		"node_modules/undici": {
			"version": "7.18.2",
			"dev": true,
			"license": "MIT",
			"engines": {
				"node": ">=20.18.1"
			}
		},
		"node_modules/undici-types": {
			"version": "7.18.2",
			"license": "MIT"
		},
		"node_modules/unenv": {
			"version": "2.0.0-rc.24",
			"dev": true,
			"license": "MIT",
			"dependencies": {
				"pathe": "^2.0.3"
			}
		},
		"node_modules/unordered-array-remove": {
			"version": "1.0.2",
			"license": "MIT"
		},
		"node_modules/utf-8-validate": {
			"version": "6.0.6",
			"hasInstallScript": true,
			"license": "MIT",
			"optional": true,
			"dependencies": {
				"node-gyp-build": "^4.3.0"
			},
			"engines": {
				"node": ">=6.14.2"
			}
		},
		"node_modules/util-deprecate": {
			"version": "1.0.2",
			"license": "MIT"
		},
		"node_modules/web-streams-polyfill": {
			"version": "3.3.3",
			"license": "MIT",
			"engines": {
				"node": ">= 8"
			}
		},
		"node_modules/webrtc-polyfill": {
			"version": "1.2.0",
			"license": "MIT",
			"dependencies": {
				"node-datachannel": "^0.32.0"
			},
			"engines": {
				"node": ">=16.0.0"
			}
		},
		"node_modules/workerd": {
			"version": "1.20260305.0",
			"dev": true,
			"hasInstallScript": true,
			"license": "Apache-2.0",
			"bin": {
				"workerd": "bin/workerd"
			},
			"engines": {
				"node": ">=16"
			},
			"optionalDependencies": {
				"@cloudflare/workerd-darwin-64": "1.20260305.0",
				"@cloudflare/workerd-darwin-arm64": "1.20260305.0",
				"@cloudflare/workerd-linux-64": "1.20260305.0",
				"@cloudflare/workerd-linux-arm64": "1.20260305.0",
				"@cloudflare/workerd-windows-64": "1.20260305.0"
			}
		},
		"node_modules/wrangler": {
			"version": "4.69.0",
			"dev": true,
			"license": "MIT OR Apache-2.0",
			"dependencies": {
				"@cloudflare/kv-asset-handler": "0.4.2",
				"@cloudflare/unenv-preset": "2.14.0",
				"blake3-wasm": "2.1.5",
				"esbuild": "0.27.3",
				"miniflare": "4.20260305.0",
				"path-to-regexp": "6.3.0",
				"unenv": "2.0.0-rc.24",
				"workerd": "1.20260305.0"
			},
			"bin": {
				"wrangler": "bin/wrangler.js",
				"wrangler2": "bin/wrangler.js"
			},
			"engines": {
				"node": ">=20.0.0"
			},
			"optionalDependencies": {
				"fsevents": "~2.3.2"
			},
			"peerDependencies": {
				"@cloudflare/workers-types": "^4.20260305.0"
			},
			"peerDependenciesMeta": {
				"@cloudflare/workers-types": {
					"optional": true
				}
			}
		},
		"node_modules/wrappy": {
			"version": "1.0.2",
			"license": "ISC"
		},
		"node_modules/ws": {
			"version": "8.19.0",
			"license": "MIT",
			"engines": {
				"node": ">=10.0.0"
			},
			"peerDependencies": {
				"bufferutil": "^4.0.1",
				"utf-8-validate": ">=5.0.2"
			},
			"peerDependenciesMeta": {
				"bufferutil": {
					"optional": true
				},
				"utf-8-validate": {
					"optional": true
				}
			}
		},
		"node_modules/youch": {
			"version": "4.1.0-beta.10",
			"dev": true,
			"license": "MIT",
			"dependencies": {
				"@poppinss/colors": "^4.1.5",
				"@poppinss/dumper": "^0.6.4",
				"@speed-highlight/core": "^1.2.7",
				"cookie": "^1.0.2",
				"youch-core": "^0.3.3"
			}
		},
		"node_modules/youch-core": {
			"version": "0.3.3",
			"dev": true,
			"license": "MIT",
			"dependencies": {
				"@poppinss/exception": "^1.2.2",
				"error-stack-parser-es": "^1.0.5"
			}
		}
	}
}
